
Microsoft Visual Studio Solution File, Format Version 12.00
Project("{FAE04EC0-301F-11D3-BF4B-00C04F79EFBC}") = "Slices", "Slices.csproj", "{8402CF55-4D9B-40A8-B1F8-E9F45CEF49B7}"
EndProject
Project("{FAE04EC0-301F-11D3-BF4B-00C04F79EFBC}") = "NeoFindR.Specs", "..\NeoFindR.Specs\NeoFindR.Specs.csproj", "{58066E1B-F2B2-4F06-AE6C-EAD48604FEBA}"
EndProject
Global
	GlobalSection(SolutionConfigurationPlatforms) = preSolution
		Debug|Any CPU = Debug|Any CPU
		Release|Any CPU = Release|Any CPU
	EndGlobalSection
	GlobalSection(ProjectConfigurationPlatforms) = postSolution
		{8402CF55-4D9B-40A8-B1F8-E9F45CEF49B7}.Debug|Any CPU.ActiveCfg = Debug|Any CPU
		{8402CF55-4D9B-40A8-B1F8-E9F45CEF49B7}.Debug|Any CPU.Build.0 = Debug|Any CPU
		{8402CF55-4D9B-40A8-B1F8-E9F45CEF49B7}.Release|Any CPU.ActiveCfg = Release|Any CPU
		{8402CF55-4D9B-40A8-B1F8-E9F45CEF49B7}.Release|Any CPU.Build.0 = Release|Any CPU
		{58066E1B-F2B2-4F06-AE6C-EAD48604FEBA}.Debug|Any CPU.ActiveCfg = Debug|Any CPU
		{58066E1B-F2B2-4F06-AE6C-EAD48604FEBA}.Debug|Any CPU.Build.0 = Debug|Any CPU
		{58066E1B-F2B2-4F06-AE6C-EAD48604FEBA}.Release|Any CPU.ActiveCfg = Release|Any CPU
		{58066E1B-F2B2-4F06-AE6C-EAD48604FEBA}.Release|Any CPU.Build.0 = Release|Any CPU
	EndGlobalSection
EndGlobal
